
Microsoft Visual Studio Solution File, Format Version 12.00
# Visual Studio Version 16
VisualStudioVersion = 16.0.32510.428
MinimumVisualStudioVersion = 10.0.40219.1
Project("{9A19103F-16F7-4668-BE54-9A1E7A4F7556}") = "CMS_CORE_NG", "CMS_CORE_NG\CMS_CORE_NG.csproj", "{0A1F8968-B346-4BBB-9B95-AF69FF5969B1}"
EndProject
Project("{9A19103F-16F7-4668-BE54-9A1E7A4F7556}") = "LoggingService", "LoggingService\LoggingService.csproj", "{56521FF7-1221-46E0-97D2-DBF508F0A3CE}"
EndProject
Project("{FAE04EC0-301F-11D3-BF4B-00C04F79EFBC}") = "DataService", "DataService\DataService.csproj", "{C0F59AF3-5712-4FAE-BAF4-0B707B1EF34B}"
EndProject
Project("{FAE04EC0-301F-11D3-BF4B-00C04F79EFBC}") = "ModelService", "ModelService\ModelService.csproj", "{34C24F6B-B6B5-4D26-8D2F-6A5BBAAC0FA3}"
EndProject
Global
	GlobalSection(SolutionConfigurationPlatforms) = preSolution
		Debug|Any CPU = Debug|Any CPU
		Release|Any CPU = Release|Any CPU
	EndGlobalSection
	GlobalSection(ProjectConfigurationPlatforms) = postSolution
		{0A1F8968-B346-4BBB-9B95-AF69FF5969B1}.Debug|Any CPU.ActiveCfg = Debug|Any CPU
		{0A1F8968-B346-4BBB-9B95-AF69FF5969B1}.Debug|Any CPU.Build.0 = Debug|Any CPU
		{0A1F8968-B346-4BBB-9B95-AF69FF5969B1}.Release|Any CPU.ActiveCfg = Release|Any CPU
		{0A1F8968-B346-4BBB-9B95-AF69FF5969B1}.Release|Any CPU.Build.0 = Release|Any CPU
		{56521FF7-1221-46E0-97D2-DBF508F0A3CE}.Debug|Any CPU.ActiveCfg = Debug|Any CPU
		{56521FF7-1221-46E0-97D2-DBF508F0A3CE}.Debug|Any CPU.Build.0 = Debug|Any CPU
		{56521FF7-1221-46E0-97D2-DBF508F0A3CE}.Release|Any CPU.ActiveCfg = Release|Any CPU
		{56521FF7-1221-46E0-97D2-DBF508F0A3CE}.Release|Any CPU.Build.0 = Release|Any CPU
		{C0F59AF3-5712-4FAE-BAF4-0B707B1EF34B}.Debug|Any CPU.ActiveCfg = Debug|Any CPU
		{C0F59AF3-5712-4FAE-BAF4-0B707B1EF34B}.Debug|Any CPU.Build.0 = Debug|Any CPU
		{C0F59AF3-5712-4FAE-BAF4-0B707B1EF34B}.Release|Any CPU.ActiveCfg = Release|Any CPU
		{C0F59AF3-5712-4FAE-BAF4-0B707B1EF34B}.Release|Any CPU.Build.0 = Release|Any CPU
		{34C24F6B-B6B5-4D26-8D2F-6A5BBAAC0FA3}.Debug|Any CPU.ActiveCfg = Debug|Any CPU
		{34C24F6B-B6B5-4D26-8D2F-6A5BBAAC0FA3}.Debug|Any CPU.Build.0 = Debug|Any CPU
		{34C24F6B-B6B5-4D26-8D2F-6A5BBAAC0FA3}.Release|Any CPU.ActiveCfg = Release|Any CPU
		{34C24F6B-B6B5-4D26-8D2F-6A5BBAAC0FA3}.Release|Any CPU.Build.0 = Release|Any CPU
	EndGlobalSection
	GlobalSection(SolutionProperties) = preSolution
		HideSolutionNode = FALSE
	EndGlobalSection
	GlobalSection(ExtensibilityGlobals) = postSolution
		SolutionGuid = {B1C593B4-4483-418F-8EE4-F8A3B1822C4E}
	EndGlobalSection
EndGlobal
